<?xml version="1.0" encoding="UTF-8" standalone="yes" ?>
<CodeBlocks_project_file>
	<FileVersion major="1" minor="6" />
	<Project>
		<Option title="RomK" />
		<Option pch_mode="2" />
		<Option compiler="gcc" />
		<Build>
			<Target title="bin">
				<Option output="bin/RomK" prefix_auto="1" extension_auto="1" />
				<Option working_dir="bin/" />
				<Option object_output="obj/" />
				<Option type="1" />
				<Option compiler="gcc" />
			</Target>
			<Target title="bin mingw">
				<Option platforms="Unix;Mac;" />
				<Option output="bin/RomK" prefix_auto="1" extension_auto="1" />
				<Option working_dir="bin/" />
				<Option object_output="obj/" />
				<Option type="1" />
				<Option compiler="mingw__compiler" />
			</Target>
		</Build>
		<Compiler>
			<Add option="-Wall -O3 -s" />
		</Compiler>
		<Linker>
			<Add option="-s" />
		</Linker>
		<Unit filename="main.c">
			<Option compilerVar="CC" />
		</Unit>
		<Extensions>
			<envvars />
			<code_completion />
			<debugger />
		</Extensions>
	</Project>
</CodeBlocks_project_file>
