<?xml version="1.0" encoding="UTF-8" standalone="yes" ?>
<CodeBlocks_project_file>
	<FileVersion major="1" minor="6" />
	<Project>
		<Option title="NGDK" />
		<Option pch_mode="2" />
		<Option compiler="m68000_gcc_compiler" />
		<Build>
			<Target title="bin (Linux)">
				<Option platforms="Unix;Mac;" />
				<Option output="bin/052-p1.bin" prefix_auto="0" extension_auto="0" />
				<Option working_dir="bin/" />
				<Option object_output="obj/" />
				<Option type="1" />
				<Option compiler="ngdk" />
				<Option parameters=" &amp; gngeo --rompath=/home/kannagi/Documents/RetroProg/Console/NeoGeo/Sample/bin/ ssideki" />
				<Linker>
					<Add library="NGDK" />
				</Linker>
				<ExtraCommands>
					<Add after="bash compile.sh" />
					<Mode after="always" />
				</ExtraCommands>
			</Target>
			<Target title="bin (Windows)">
				<Option platforms="Windows;" />
				<Option output="bin/052-p1.p1" prefix_auto="0" extension_auto="0" />
				<Option working_dir="bin/ " />
				<Option object_output="obj/" />
				<Option type="1" />
				<Option compiler="ngdk" />
				<Compiler>
					<Add option="-w" />
				</Compiler>
				<Linker>
					<Add library="NGDK" />
				</Linker>
				<ExtraCommands>
					<Add after="compile.bat" />
					<Mode after="always" />
				</ExtraCommands>
			</Target>
		</Build>
		<Unit filename="_start.s" />
		<Unit filename="example1.c">
			<Option compilerVar="CC" />
		</Unit>
		<Unit filename="example2.c">
			<Option compilerVar="CC" />
		</Unit>
		<Unit filename="example3.c">
			<Option compilerVar="CC" />
		</Unit>
		<Unit filename="example4.c">
			<Option compilerVar="CC" />
		</Unit>
		<Unit filename="example5.c">
			<Option compilerVar="CC" />
		</Unit>
		<Unit filename="game.c">
			<Option compilerVar="CC" />
		</Unit>
		<Unit filename="main.c">
			<Option compilerVar="CC" />
		</Unit>
		<Extensions>
			<envvars />
			<code_completion />
			<debugger />
		</Extensions>
	</Project>
</CodeBlocks_project_file>
